
Microsoft Visual Studio Solution File, Format Version 12.00
# Visual Studio 2015
Project("{FAE04EC0-301F-11D3-BF4B-00C04F79EFBC}") = "BattleCards.CSharp.Plugins", "BattleCards.CSharp.Plugins.csproj", "{1DB2A470-4634-9629-9C02-0A0D9BC09797}"
EndProject
Project("{FAE04EC0-301F-11D3-BF4B-00C04F79EFBC}") = "BattleCards.CSharp", "BattleCards.CSharp.csproj", "{7FA549C5-99FC-C703-06CA-4058FA872897}"
EndProject
Project("{FAE04EC0-301F-11D3-BF4B-00C04F79EFBC}") = "BattleCards.CSharp.Editor", "BattleCards.CSharp.Editor.csproj", "{05CAC0BC-9ECF-FB7E-865B-2055FA44815D}"
EndProject
Global
	GlobalSection(SolutionConfigurationPlatforms) = preSolution
		Debug|Any CPU = Debug|Any CPU
		Release|Any CPU = Release|Any CPU
	EndGlobalSection
	GlobalSection(ProjectConfigurationPlatforms) = postSolution
		{1DB2A470-4634-9629-9C02-0A0D9BC09797}.Debug|Any CPU.ActiveCfg = Debug|Any CPU
		{1DB2A470-4634-9629-9C02-0A0D9BC09797}.Debug|Any CPU.Build.0 = Debug|Any CPU
		{1DB2A470-4634-9629-9C02-0A0D9BC09797}.Release|Any CPU.ActiveCfg = Release|Any CPU
		{1DB2A470-4634-9629-9C02-0A0D9BC09797}.Release|Any CPU.Build.0 = Release|Any CPU
		{7FA549C5-99FC-C703-06CA-4058FA872897}.Debug|Any CPU.ActiveCfg = Debug|Any CPU
		{7FA549C5-99FC-C703-06CA-4058FA872897}.Debug|Any CPU.Build.0 = Debug|Any CPU
		{7FA549C5-99FC-C703-06CA-4058FA872897}.Release|Any CPU.ActiveCfg = Release|Any CPU
		{7FA549C5-99FC-C703-06CA-4058FA872897}.Release|Any CPU.Build.0 = Release|Any CPU
		{05CAC0BC-9ECF-FB7E-865B-2055FA44815D}.Debug|Any CPU.ActiveCfg = Debug|Any CPU
		{05CAC0BC-9ECF-FB7E-865B-2055FA44815D}.Debug|Any CPU.Build.0 = Debug|Any CPU
		{05CAC0BC-9ECF-FB7E-865B-2055FA44815D}.Release|Any CPU.ActiveCfg = Release|Any CPU
		{05CAC0BC-9ECF-FB7E-865B-2055FA44815D}.Release|Any CPU.Build.0 = Release|Any CPU
	EndGlobalSection
	GlobalSection(SolutionProperties) = preSolution
		HideSolutionNode = FALSE
	EndGlobalSection
EndGlobal
